
Microsoft Visual Studio Solution File, Format Version 12.00
# Visual Studio Version 17
VisualStudioVersion = 17.11.35327.3
MinimumVisualStudioVersion = 10.0.40219.1
Project("{9A19103F-16F7-4668-BE54-9A1E7A4F7556}") = "DiyoShop.API", "DiyoShop.API\DiyoShop.API.csproj", "{E3A4DFF1-FFAF-4141-9E73-FD6D380FB639}"
EndProject
Project("{FAE04EC0-301F-11D3-BF4B-00C04F79EFBC}") = "DiyoShop.Core", "DiyoShop.Core\DiyoShop.Core.csproj", "{27445816-3AE7-4AFC-8DCA-D16E22996DF2}"
EndProject
Project("{FAE04EC0-301F-11D3-BF4B-00C04F79EFBC}") = "DiyoShop.Identity", "DiyoShop.Identity\DiyoShop.Identity.csproj", "{3FC73BF6-0B17-473E-8A22-E8E29219CB21}"
EndProject
Project("{FAE04EC0-301F-11D3-BF4B-00C04F79EFBC}") = "DiyoShop.Infrastructure", "DiyoShop.Infrastructure\DiyoShop.Infrastructure.csproj", "{227AAC2C-E504-4D31-8A38-3EA45A2DDB2D}"
EndProject
Project("{FAE04EC0-301F-11D3-BF4B-00C04F79EFBC}") = "DiyoShop.Persistence", "DiyoShop.Persistence\DiyoShop.Persistence.csproj", "{CD73ED19-1D69-4864-9B3B-25E30E10E814}"
EndProject
Project("{FAE04EC0-301F-11D3-BF4B-00C04F79EFBC}") = "DiyoShop.BL", "DiyoShop.BL\DiyoShop.BL.csproj", "{926E0600-2B12-4177-A23D-83359E755415}"
EndProject
Global
	GlobalSection(SolutionConfigurationPlatforms) = preSolution
		Debug|Any CPU = Debug|Any CPU
		Release|Any CPU = Release|Any CPU
	EndGlobalSection
	GlobalSection(ProjectConfigurationPlatforms) = postSolution
		{E3A4DFF1-FFAF-4141-9E73-FD6D380FB639}.Debug|Any CPU.ActiveCfg = Debug|Any CPU
		{E3A4DFF1-FFAF-4141-9E73-FD6D380FB639}.Debug|Any CPU.Build.0 = Debug|Any CPU
		{E3A4DFF1-FFAF-4141-9E73-FD6D380FB639}.Release|Any CPU.ActiveCfg = Release|Any CPU
		{E3A4DFF1-FFAF-4141-9E73-FD6D380FB639}.Release|Any CPU.Build.0 = Release|Any CPU
		{27445816-3AE7-4AFC-8DCA-D16E22996DF2}.Debug|Any CPU.ActiveCfg = Debug|Any CPU
		{27445816-3AE7-4AFC-8DCA-D16E22996DF2}.Debug|Any CPU.Build.0 = Debug|Any CPU
		{27445816-3AE7-4AFC-8DCA-D16E22996DF2}.Release|Any CPU.ActiveCfg = Release|Any CPU
		{27445816-3AE7-4AFC-8DCA-D16E22996DF2}.Release|Any CPU.Build.0 = Release|Any CPU
		{3FC73BF6-0B17-473E-8A22-E8E29219CB21}.Debug|Any CPU.ActiveCfg = Debug|Any CPU
		{3FC73BF6-0B17-473E-8A22-E8E29219CB21}.Debug|Any CPU.Build.0 = Debug|Any CPU
		{3FC73BF6-0B17-473E-8A22-E8E29219CB21}.Release|Any CPU.ActiveCfg = Release|Any CPU
		{3FC73BF6-0B17-473E-8A22-E8E29219CB21}.Release|Any CPU.Build.0 = Release|Any CPU
		{227AAC2C-E504-4D31-8A38-3EA45A2DDB2D}.Debug|Any CPU.ActiveCfg = Debug|Any CPU
		{227AAC2C-E504-4D31-8A38-3EA45A2DDB2D}.Debug|Any CPU.Build.0 = Debug|Any CPU
		{227AAC2C-E504-4D31-8A38-3EA45A2DDB2D}.Release|Any CPU.ActiveCfg = Release|Any CPU
		{227AAC2C-E504-4D31-8A38-3EA45A2DDB2D}.Release|Any CPU.Build.0 = Release|Any CPU
		{CD73ED19-1D69-4864-9B3B-25E30E10E814}.Debug|Any CPU.ActiveCfg = Debug|Any CPU
		{CD73ED19-1D69-4864-9B3B-25E30E10E814}.Debug|Any CPU.Build.0 = Debug|Any CPU
		{CD73ED19-1D69-4864-9B3B-25E30E10E814}.Release|Any CPU.ActiveCfg = Release|Any CPU
		{CD73ED19-1D69-4864-9B3B-25E30E10E814}.Release|Any CPU.Build.0 = Release|Any CPU
		{926E0600-2B12-4177-A23D-83359E755415}.Debug|Any CPU.ActiveCfg = Debug|Any CPU
		{926E0600-2B12-4177-A23D-83359E755415}.Debug|Any CPU.Build.0 = Debug|Any CPU
		{926E0600-2B12-4177-A23D-83359E755415}.Release|Any CPU.ActiveCfg = Release|Any CPU
		{926E0600-2B12-4177-A23D-83359E755415}.Release|Any CPU.Build.0 = Release|Any CPU
	EndGlobalSection
	GlobalSection(SolutionProperties) = preSolution
		HideSolutionNode = FALSE
	EndGlobalSection
	GlobalSection(ExtensibilityGlobals) = postSolution
		SolutionGuid = {5576891B-6EB8-4D5D-85BD-0A75F6F277B0}
	EndGlobalSection
EndGlobal
